
Microsoft Visual Studio Solution File, Format Version 12.00
# Visual Studio Version 17
VisualStudioVersion = 17.11.35222.181
MinimumVisualStudioVersion = 10.0.40219.1
Project("{FAE04EC0-301F-11D3-BF4B-00C04F79EFBC}") = "LegoCucc", "LegoCucc\LegoCucc.csproj", "{D97E3D49-1F59-47BA-82F2-94EBCC67D742}"
EndProject
Global
	GlobalSection(SolutionConfigurationPlatforms) = preSolution
		Debug|Any CPU = Debug|Any CPU
		Release|Any CPU = Release|Any CPU
	EndGlobalSection
	GlobalSection(ProjectConfigurationPlatforms) = postSolution
		{D97E3D49-1F59-47BA-82F2-94EBCC67D742}.Debug|Any CPU.ActiveCfg = Debug|Any CPU
		{D97E3D49-1F59-47BA-82F2-94EBCC67D742}.Debug|Any CPU.Build.0 = Debug|Any CPU
		{D97E3D49-1F59-47BA-82F2-94EBCC67D742}.Release|Any CPU.ActiveCfg = Release|Any CPU
		{D97E3D49-1F59-47BA-82F2-94EBCC67D742}.Release|Any CPU.Build.0 = Release|Any CPU
	EndGlobalSection
	GlobalSection(SolutionProperties) = preSolution
		HideSolutionNode = FALSE
	EndGlobalSection
	GlobalSection(ExtensibilityGlobals) = postSolution
		SolutionGuid = {88D21D6D-7A2C-4F83-A475-8C6596463CDB}
	EndGlobalSection
EndGlobal
